<?xml version="1.0" encoding="utf-8"?>
<Project ToolsVersion="4.0" xmlns="http://schemas.microsoft.com/developer/msbuild/2003">
  <ItemGroup>
    <Filter Include="소스 파일">
      <UniqueIdentifier>{4FC737F1-C7A5-4376-A066-2A32D752A2FF}</UniqueIdentifier>
      <Extensions>cpp;c;cc;cxx;def;odl;idl;hpj;bat;asm;asmx</Extensions>
    </Filter>
    <Filter Include="헤더 파일">
      <UniqueIdentifier>{93995380-89BD-4b04-88EB-625FBE52EBFB}</UniqueIdentifier>
      <Extensions>h;hh;hpp;hxx;hm;inl;inc;xsd</Extensions>
    </Filter>
    <Filter Include="2DGameFramework">
      <UniqueIdentifier>{e73311a5-998f-4c19-8341-4934b0d6cd2d}</UniqueIdentifier>
    </Filter>
    <Filter Include="2DGameFramework\animation">
      <UniqueIdentifier>{bb7a8689-ac77-46b3-a315-fd175e1f0f49}</UniqueIdentifier>
    </Filter>
    <Filter Include="2DGameFramework\image">
      <UniqueIdentifier>{8a89b5b7-2953-46f5-9467-d267f6d05f8c}</UniqueIdentifier>
    </Filter>
    <Filter Include="2DGameFramework\manager">
      <UniqueIdentifier>{13f18138-893d-48bd-9249-85b879581488}</UniqueIdentifier>
    </Filter>
    <Filter Include="2DGameFramework\progressBar">
      <UniqueIdentifier>{afe28296-a685-4f61-8c61-14943d493b92}</UniqueIdentifier>
    </Filter>
    <Filter Include="2DGameFramework\timer">
      <UniqueIdentifier>{0e8e5327-2a6f-467c-8f28-9d505ac99ca7}</UniqueIdentifier>
    </Filter>
    <Filter Include="2DGameFramework\txtData">
      <UniqueIdentifier>{51a8af70-d278-473f-8c70-a0be06ea7219}</UniqueIdentifier>
    </Filter>
    <Filter Include="2DGameFramework\util">
      <UniqueIdentifier>{6654f27b-6d55-4a46-a29f-a1274b8a4bb0}</UniqueIdentifier>
    </Filter>
    <Filter Include="gameStudy">
      <UniqueIdentifier>{5b33b67c-024a-48a6-b441-3ee8752de71c}</UniqueIdentifier>
    </Filter>
    <Filter Include="2DGameFramework\effect">
      <UniqueIdentifier>{18b5cd8c-8109-4a5f-8220-f32b61d17317}</UniqueIdentifier>
    </Filter>
    <Filter Include="gameStudy\scene">
      <UniqueIdentifier>{2b1c8da9-4d82-407d-836b-b02243f952e8}</UniqueIdentifier>
    </Filter>
    <Filter Include="gameStudy\object">
      <UniqueIdentifier>{c47521ef-28bd-4406-9486-d40938e1c2bc}</UniqueIdentifier>
    </Filter>
    <Filter Include="리소스 파일">
      <UniqueIdentifier>{67DA6AB6-F800-4c08-8B7A-83BB121AAD01}</UniqueIdentifier>
      <Extensions>rc;ico;cur;bmp;dlg;rc2;rct;bin;rgs;gif;jpg;jpeg;jpe;resx;tiff;tif;png;wav;mfcribbon-ms</Extensions>
    </Filter>
  </ItemGroup>
  <ItemGroup>
    <ClCompile Include="animation.cpp">
      <Filter>2DGameFramework\animation</Filter>
    </ClCompile>
    <ClCompile Include="image.cpp">
      <Filter>2DGameFramework\image</Filter>
    </ClCompile>
    <ClCompile Include="imageManager.cpp">
      <Filter>2DGameFramework\manager</Filter>
    </ClCompile>
    <ClCompile Include="keyManager.cpp">
      <Filter>2DGameFramework\manager</Filter>
    </ClCompile>
    <ClCompile Include="timeManager.cpp">
      <Filter>2DGameFramework\manager</Filter>
    </ClCompile>
    <ClCompile Include="utils.cpp">
      <Filter>2DGameFramework\util</Filter>
    </ClCompile>
    <ClCompile Include="txtData.cpp">
      <Filter>2DGameFramework\txtData</Filter>
    </ClCompile>
    <ClCompile Include="timer.cpp">
      <Filter>2DGameFramework\timer</Filter>
    </ClCompile>
    <ClCompile Include="progressBar.cpp">
      <Filter>2DGameFramework\progressBar</Filter>
    </ClCompile>
    <ClCompile Include="gameNode.cpp">
      <Filter>2DGameFramework</Filter>
    </ClCompile>
    <ClCompile Include="gameStudy.cpp">
      <Filter>gameStudy</Filter>
    </ClCompile>
    <ClCompile Include="winAPI.cpp">
      <Filter>소스 파일</Filter>
    </ClCompile>
    <ClCompile Include="effect.cpp">
      <Filter>2DGameFramework\effect</Filter>
    </ClCompile>
    <ClCompile Include="effectManager.cpp">
      <Filter>2DGameFramework\manager</Filter>
    </ClCompile>
    <ClCompile Include="sceneManager.cpp">
      <Filter>2DGameFramework\manager</Filter>
    </ClCompile>
    <ClCompile Include="gameScene.cpp">
      <Filter>gameStudy\scene</Filter>
    </ClCompile>
    <ClCompile Include="block.cpp">
      <Filter>gameStudy\object</Filter>
    </ClCompile>
    <ClCompile Include="unit.cpp">
      <Filter>gameStudy\object</Filter>
    </ClCompile>
    <ClCompile Include="stage.cpp">
      <Filter>gameStudy</Filter>
    </ClCompile>
    <ClCompile Include="gameOverScene.cpp">
      <Filter>gameStudy\scene</Filter>
    </ClCompile>
  </ItemGroup>
  <ItemGroup>
    <ClInclude Include="animation.h">
      <Filter>2DGameFramework\animation</Filter>
    </ClInclude>
    <ClInclude Include="image.h">
      <Filter>2DGameFramework\image</Filter>
    </ClInclude>
    <ClInclude Include="imageManager.h">
      <Filter>2DGameFramework\manager</Filter>
    </ClInclude>
    <ClInclude Include="keyManager.h">
      <Filter>2DGameFramework\manager</Filter>
    </ClInclude>
    <ClInclude Include="timeManager.h">
      <Filter>2DGameFramework\manager</Filter>
    </ClInclude>
    <ClInclude Include="utils.h">
      <Filter>2DGameFramework\util</Filter>
    </ClInclude>
    <ClInclude Include="txtData.h">
      <Filter>2DGameFramework\txtData</Filter>
    </ClInclude>
    <ClInclude Include="timer.h">
      <Filter>2DGameFramework\timer</Filter>
    </ClInclude>
    <ClInclude Include="progressBar.h">
      <Filter>2DGameFramework\progressBar</Filter>
    </ClInclude>
    <ClInclude Include="gameNode.h">
      <Filter>2DGameFramework</Filter>
    </ClInclude>
    <ClInclude Include="randomFunction.h">
      <Filter>헤더 파일</Filter>
    </ClInclude>
    <ClInclude Include="stdafx.h">
      <Filter>헤더 파일</Filter>
    </ClInclude>
    <ClInclude Include="targetver.h">
      <Filter>헤더 파일</Filter>
    </ClInclude>
    <ClInclude Include="singletonBase.h">
      <Filter>2DGameFramework\manager</Filter>
    </ClInclude>
    <ClInclude Include="effect.h">
      <Filter>2DGameFramework\effect</Filter>
    </ClInclude>
    <ClInclude Include="effectManager.h">
      <Filter>2DGameFramework\manager</Filter>
    </ClInclude>
    <ClInclude Include="sceneManager.h">
      <Filter>2DGameFramework\manager</Filter>
    </ClInclude>
    <ClInclude Include="gameScene.h">
      <Filter>gameStudy\scene</Filter>
    </ClInclude>
    <ClInclude Include="block.h">
      <Filter>gameStudy\object</Filter>
    </ClInclude>
    <ClInclude Include="gameStudy.h">
      <Filter>gameStudy</Filter>
    </ClInclude>
    <ClInclude Include="unit.h">
      <Filter>gameStudy\object</Filter>
    </ClInclude>
    <ClInclude Include="stage.h">
      <Filter>gameStudy</Filter>
    </ClInclude>
    <ClInclude Include="commonMacroFunction.h">
      <Filter>헤더 파일</Filter>
    </ClInclude>
    <ClInclude Include="commonVirtualKey.h">
      <Filter>헤더 파일</Filter>
    </ClInclude>
    <ClInclude Include="gameOverScene.h">
      <Filter>gameStudy\scene</Filter>
    </ClInclude>
  </ItemGroup>
  <ItemGroup>
    <Image Include="ImageResource\block.bmp">
      <Filter>리소스 파일</Filter>
    </Image>
    <Image Include="ImageResource\gameOver.bmp">
      <Filter>리소스 파일</Filter>
    </Image>
  </ItemGroup>
</Project>